// !$*UTF8*$!
{
	archiveVersion = 1;
	classes = {
	};
	objectVersion = 46;
	objects = {

/* Begin PBXBuildFile section */
		30541AEA1A3F9D95007E50CC /* SwiftColors.swift in Sources */ = {isa = PBXBuildFile; fileRef = 846C69EA19DFF4B100AB429E /* SwiftColors.swift */; };
		30541AEC1A3F9DB3007E50CC /* SwiftColorsTests.swift in Sources */ = {isa = PBXBuildFile; fileRef = 30541AEB1A3F9DB3007E50CC /* SwiftColorsTests.swift */; };
		846C69CB19DFF12F00AB429E /* AppDelegate.swift in Sources */ = {isa = PBXBuildFile; fileRef = 846C69CA19DFF12F00AB429E /* AppDelegate.swift */; };
		846C69CD19DFF12F00AB429E /* ViewController.swift in Sources */ = {isa = PBXBuildFile; fileRef = 846C69CC19DFF12F00AB429E /* ViewController.swift */; };
		846C69D019DFF12F00AB429E /* Main.storyboard in Resources */ = {isa = PBXBuildFile; fileRef = 846C69CE19DFF12F00AB429E /* Main.storyboard */; };
		846C69D219DFF12F00AB429E /* Images.xcassets in Resources */ = {isa = PBXBuildFile; fileRef = 846C69D119DFF12F00AB429E /* Images.xcassets */; };
		846C69D519DFF12F00AB429E /* LaunchScreen.xib in Resources */ = {isa = PBXBuildFile; fileRef = 846C69D319DFF12F00AB429E /* LaunchScreen.xib */; };
		846C69EB19DFF4B100AB429E /* SwiftColors.swift in Sources */ = {isa = PBXBuildFile; fileRef = 846C69EA19DFF4B100AB429E /* SwiftColors.swift */; };
/* End PBXBuildFile section */

/* Begin PBXContainerItemProxy section */
		30541AE51A3F9D08007E50CC /* PBXContainerItemProxy */ = {
			isa = PBXContainerItemProxy;
			containerPortal = 846C69BD19DFF12F00AB429E /* Project object */;
			proxyType = 1;
			remoteGlobalIDString = 846C69C419DFF12F00AB429E;
			remoteInfo = SwiftColorsExamples;
		};
/* End PBXContainerItemProxy section */

/* Begin PBXFileReference section */
		30541ADF1A3F9D08007E50CC /* SwiftColorsExamplesTests.xctest */ = {isa = PBXFileReference; explicitFileType = wrapper.cfbundle; includeInIndex = 0; path = SwiftColorsExamplesTests.xctest; sourceTree = BUILT_PRODUCTS_DIR; };
		30541AE21A3F9D08007E50CC /* Info.plist */ = {isa = PBXFileReference; lastKnownFileType = text.plist.xml; path = Info.plist; sourceTree = "<group>"; };
		30541AEB1A3F9DB3007E50CC /* SwiftColorsTests.swift */ = {isa = PBXFileReference; fileEncoding = 4; lastKnownFileType = sourcecode.swift; path = SwiftColorsTests.swift; sourceTree = "<group>"; };
		846C69C519DFF12F00AB429E /* SwiftColorsExamples.app */ = {isa = PBXFileReference; explicitFileType = wrapper.application; includeInIndex = 0; path = SwiftColorsExamples.app; sourceTree = BUILT_PRODUCTS_DIR; };
		846C69C919DFF12F00AB429E /* Info.plist */ = {isa = PBXFileReference; lastKnownFileType = text.plist.xml; path = Info.plist; sourceTree = "<group>"; };
		846C69CA19DFF12F00AB429E /* AppDelegate.swift */ = {isa = PBXFileReference; lastKnownFileType = sourcecode.swift; path = AppDelegate.swift; sourceTree = "<group>"; };
		846C69CC19DFF12F00AB429E /* ViewController.swift */ = {isa = PBXFileReference; lastKnownFileType = sourcecode.swift; path = ViewController.swift; sourceTree = "<group>"; };
		846C69CF19DFF12F00AB429E /* Base */ = {isa = PBXFileReference; lastKnownFileType = file.storyboard; name = Base; path = Base.lproj/Main.storyboard; sourceTree = "<group>"; };
		846C69D119DFF12F00AB429E /* Images.xcassets */ = {isa = PBXFileReference; lastKnownFileType = folder.assetcatalog; path = Images.xcassets; sourceTree = "<group>"; };
		846C69D419DFF12F00AB429E /* Base */ = {isa = PBXFileReference; lastKnownFileType = file.xib; name = Base; path = Base.lproj/LaunchScreen.xib; sourceTree = "<group>"; };
		846C69EA19DFF4B100AB429E /* SwiftColors.swift */ = {isa = PBXFileReference; fileEncoding = 4; lastKnownFileType = sourcecode.swift; name = SwiftColors.swift; path = SwiftColors/SwiftColors.swift; sourceTree = SOURCE_ROOT; };
/* End PBXFileReference section */

/* Begin PBXFrameworksBuildPhase section */
		30541ADC1A3F9D08007E50CC /* Frameworks */ = {
			isa = PBXFrameworksBuildPhase;
			buildActionMask = 2147483647;
			files = (
			);
			runOnlyForDeploymentPostprocessing = 0;
		};
		846C69C219DFF12F00AB429E /* Frameworks */ = {
			isa = PBXFrameworksBuildPhase;
			buildActionMask = 2147483647;
			files = (
			);
			runOnlyForDeploymentPostprocessing = 0;
		};
/* End PBXFrameworksBuildPhase section */

/* Begin PBXGroup section */
		30541AE01A3F9D08007E50CC /* SwiftColorsExamplesTests */ = {
			isa = PBXGroup;
			children = (
				30541AEB1A3F9DB3007E50CC /* SwiftColorsTests.swift */,
				30541AE11A3F9D08007E50CC /* Supporting Files */,
			);
			path = SwiftColorsExamplesTests;
			sourceTree = "<group>";
		};
		30541AE11A3F9D08007E50CC /* Supporting Files */ = {
			isa = PBXGroup;
			children = (
				30541AE21A3F9D08007E50CC /* Info.plist */,
			);
			name = "Supporting Files";
			sourceTree = "<group>";
		};
		846C69BC19DFF12F00AB429E = {
			isa = PBXGroup;
			children = (
				846C69C719DFF12F00AB429E /* SwiftColorsExamples */,
				30541AE01A3F9D08007E50CC /* SwiftColorsExamplesTests */,
				846C69C619DFF12F00AB429E /* Products */,
			);
			sourceTree = "<group>";
		};
		846C69C619DFF12F00AB429E /* Products */ = {
			isa = PBXGroup;
			children = (
				846C69C519DFF12F00AB429E /* SwiftColorsExamples.app */,
				30541ADF1A3F9D08007E50CC /* SwiftColorsExamplesTests.xctest */,
			);
			name = Products;
			sourceTree = "<group>";
		};
		846C69C719DFF12F00AB429E /* SwiftColorsExamples */ = {
			isa = PBXGroup;
			children = (
				846C69EC19DFF4C700AB429E /* Extensions */,
				846C69CA19DFF12F00AB429E /* AppDelegate.swift */,
				846C69CC19DFF12F00AB429E /* ViewController.swift */,
				846C69CE19DFF12F00AB429E /* Main.storyboard */,
				846C69D119DFF12F00AB429E /* Images.xcassets */,
				846C69D319DFF12F00AB429E /* LaunchScreen.xib */,
				846C69C819DFF12F00AB429E /* Supporting Files */,
			);
			path = SwiftColorsExamples;
			sourceTree = "<group>";
		};
		846C69C819DFF12F00AB429E /* Supporting Files */ = {
			isa = PBXGroup;
			children = (
				846C69C919DFF12F00AB429E /* Info.plist */,
			);
			name = "Supporting Files";
			sourceTree = "<group>";
		};
		846C69EC19DFF4C700AB429E /* Extensions */ = {
			isa = PBXGroup;
			children = (
				846C69EA19DFF4B100AB429E /* SwiftColors.swift */,
			);
			name = Extensions;
			sourceTree = "<group>";
		};
/* End PBXGroup section */

/* Begin PBXNativeTarget section */
		30541ADE1A3F9D08007E50CC /* SwiftColorsExamplesTests */ = {
			isa = PBXNativeTarget;
			buildConfigurationList = 30541AE71A3F9D08007E50CC /* Build configuration list for PBXNativeTarget "SwiftColorsExamplesTests" */;
			buildPhases = (
				30541ADB1A3F9D08007E50CC /* Sources */,
				30541ADC1A3F9D08007E50CC /* Frameworks */,
				30541ADD1A3F9D08007E50CC /* Resources */,
			);
			buildRules = (
			);
			dependencies = (
				30541AE61A3F9D08007E50CC /* PBXTargetDependency */,
			);
			name = SwiftColorsExamplesTests;
			productName = SwiftColorsExamplesTests;
			productReference = 30541ADF1A3F9D08007E50CC /* SwiftColorsExamplesTests.xctest */;
			productType = "com.apple.product-type.bundle.unit-test";
		};
		846C69C419DFF12F00AB429E /* SwiftColorsExamples */ = {
			isa = PBXNativeTarget;
			buildConfigurationList = 846C69E419DFF12F00AB429E /* Build configuration list for PBXNativeTarget "SwiftColorsExamples" */;
			buildPhases = (
				846C69C119DFF12F00AB429E /* Sources */,
				846C69C219DFF12F00AB429E /* Frameworks */,
				846C69C319DFF12F00AB429E /* Resources */,
			);
			buildRules = (
			);
			dependencies = (
			);
			name = SwiftColorsExamples;
			productName = SwiftColorsExamples;
			productReference = 846C69C519DFF12F00AB429E /* SwiftColorsExamples.app */;
			productType = "com.apple.product-type.application";
		};
/* End PBXNativeTarget section */

/* Begin PBXProject section */
		846C69BD19DFF12F00AB429E /* Project object */ = {
			isa = PBXProject;
			attributes = {
				LastUpgradeCheck = 0600;
				TargetAttributes = {
					30541ADE1A3F9D08007E50CC = {
						CreatedOnToolsVersion = 6.2;
						TestTargetID = 846C69C419DFF12F00AB429E;
					};
					846C69C419DFF12F00AB429E = {
						CreatedOnToolsVersion = 6.0.1;
					};
				};
			};
			buildConfigurationList = 846C69C019DFF12F00AB429E /* Build configuration list for PBXProject "SwiftColorsExamples" */;
			compatibilityVersion = "Xcode 3.2";
			developmentRegion = English;
			hasScannedForEncodings = 0;
			knownRegions = (
				en,
				Base,
			);
			mainGroup = 846C69BC19DFF12F00AB429E;
			productRefGroup = 846C69C619DFF12F00AB429E /* Products */;
			projectDirPath = "";
			projectRoot = "";
			targets = (
				846C69C419DFF12F00AB429E /* SwiftColorsExamples */,
				30541ADE1A3F9D08007E50CC /* SwiftColorsExamplesTests */,
			);
		};
/* End PBXProject section */

/* Begin PBXResourcesBuildPhase section */
		30541ADD1A3F9D08007E50CC /* Resources */ = {
			isa = PBXResourcesBuildPhase;
			buildActionMask = 2147483647;
			files = (
			);
			runOnlyForDeploymentPostprocessing = 0;
		};
		846C69C319DFF12F00AB429E /* Resources */ = {
			isa = PBXResourcesBuildPhase;
			buildActionMask = 2147483647;
			files = (
				846C69D019DFF12F00AB429E /* Main.storyboard in Resources */,
				846C69D519DFF12F00AB429E /* LaunchScreen.xib in Resources */,
				846C69D219DFF12F00AB429E /* Images.xcassets in Resources */,
			);
			runOnlyForDeploymentPostprocessing = 0;
		};
/* End PBXResourcesBuildPhase section */

/* Begin PBXSourcesBuildPhase section */
		30541ADB1A3F9D08007E50CC /* Sources */ = {
			isa = PBXSourcesBuildPhase;
			buildActionMask = 2147483647;
			files = (
				30541AEC1A3F9DB3007E50CC /* SwiftColorsTests.swift in Sources */,
				30541AEA1A3F9D95007E50CC /* SwiftColors.swift in Sources */,
			);
			runOnlyForDeploymentPostprocessing = 0;
		};
		846C69C119DFF12F00AB429E /* Sources */ = {
			isa = PBXSourcesBuildPhase;
			buildActionMask = 2147483647;
			files = (
				846C69CD19DFF12F00AB429E /* ViewController.swift in Sources */,
				846C69CB19DFF12F00AB429E /* AppDelegate.swift in Sources */,
				846C69EB19DFF4B100AB429E /* SwiftColors.swift in Sources */,
			);
			runOnlyForDeploymentPostprocessing = 0;
		};
/* End PBXSourcesBuildPhase section */

/* Begin PBXTargetDependency section */
		30541AE61A3F9D08007E50CC /* PBXTargetDependency */ = {
			isa = PBXTargetDependency;
			target = 846C69C419DFF12F00AB429E /* SwiftColorsExamples */;
			targetProxy = 30541AE51A3F9D08007E50CC /* PBXContainerItemProxy */;
		};
/* End PBXTargetDependency section */

/* Begin PBXVariantGroup section */
		846C69CE19DFF12F00AB429E /* Main.storyboard */ = {
			isa = PBXVariantGroup;
			children = (
				846C69CF19DFF12F00AB429E /* Base */,
			);
			name = Main.storyboard;
			sourceTree = "<group>";
		};
		846C69D319DFF12F00AB429E /* LaunchScreen.xib */ = {
			isa = PBXVariantGroup;
			children = (
				846C69D419DFF12F00AB429E /* Base */,
			);
			name = LaunchScreen.xib;
			sourceTree = "<group>";
		};
/* End PBXVariantGroup section */

/* Begin XCBuildConfiguration section */
		30541AE81A3F9D08007E50CC /* Debug */ = {
			isa = XCBuildConfiguration;
			buildSettings = {
				BUNDLE_LOADER = "$(TEST_HOST)";
				FRAMEWORK_SEARCH_PATHS = (
					"$(SDKROOT)/Developer/Library/Frameworks",
					"$(inherited)",
				);
				GCC_PREPROCESSOR_DEFINITIONS = (
					"DEBUG=1",
					"$(inherited)",
				);
				INFOPLIST_FILE = SwiftColorsExamplesTests/Info.plist;
				IPHONEOS_DEPLOYMENT_TARGET = 8.2;
				LD_RUNPATH_SEARCH_PATHS = "$(inherited) @executable_path/Frameworks @loader_path/Frameworks";
				PRODUCT_NAME = "$(TARGET_NAME)";
				TEST_HOST = "$(BUILT_PRODUCTS_DIR)/SwiftColorsExamples.app/SwiftColorsExamples";
			};
			name = Debug;
		};
		30541AE91A3F9D08007E50CC /* Release */ = {
			isa = XCBuildConfiguration;
			buildSettings = {
				BUNDLE_LOADER = "$(TEST_HOST)";
				FRAMEWORK_SEARCH_PATHS = (
					"$(SDKROOT)/Developer/Library/Frameworks",
					"$(inherited)",
				);
				INFOPLIST_FILE = SwiftColorsExamplesTests/Info.plist;
				IPHONEOS_DEPLOYMENT_TARGET = 8.2;
				LD_RUNPATH_SEARCH_PATHS = "$(inherited) @executable_path/Frameworks @loader_path/Frameworks";
				PRODUCT_NAME = "$(TARGET_NAME)";
				TEST_HOST = "$(BUILT_PRODUCTS_DIR)/SwiftColorsExamples.app/SwiftColorsExamples";
			};
			name = Release;
		};
		846C69E219DFF12F00AB429E /* Debug */ = {
			isa = XCBuildConfiguration;
			buildSettings = {
				ALWAYS_SEARCH_USER_PATHS = NO;
				CLANG_CXX_LANGUAGE_STANDARD = "gnu++0x";
				CLANG_CXX_LIBRARY = "libc++";
				CLANG_ENABLE_MODULES = YES;
				CLANG_ENABLE_OBJC_ARC = YES;
				CLANG_WARN_BOOL_CONVERSION = YES;
				CLANG_WARN_CONSTANT_CONVERSION = YES;
				CLANG_WARN_DIRECT_OBJC_ISA_USAGE = YES_ERROR;
				CLANG_WARN_EMPTY_BODY = YES;
				CLANG_WARN_ENUM_CONVERSION = YES;
				CLANG_WARN_INT_CONVERSION = YES;
				CLANG_WARN_OBJC_ROOT_CLASS = YES_ERROR;
				CLANG_WARN_UNREACHABLE_CODE = YES;
				CLANG_WARN__DUPLICATE_METHOD_MATCH = YES;
				"CODE_SIGN_IDENTITY[sdk=iphoneos*]" = "iPhone Developer";
				COPY_PHASE_STRIP = NO;
				ENABLE_STRICT_OBJC_MSGSEND = YES;
				GCC_C_LANGUAGE_STANDARD = gnu99;
				GCC_DYNAMIC_NO_PIC = NO;
				GCC_OPTIMIZATION_LEVEL = 0;
				GCC_PREPROCESSOR_DEFINITIONS = (
					"DEBUG=1",
					"$(inherited)",
				);
				GCC_SYMBOLS_PRIVATE_EXTERN = NO;
				GCC_WARN_64_TO_32_BIT_CONVERSION = YES;
				GCC_WARN_ABOUT_RETURN_TYPE = YES_ERROR;
				GCC_WARN_UNDECLARED_SELECTOR = YES;
				GCC_WARN_UNINITIALIZED_AUTOS = YES_AGGRESSIVE;
				GCC_WARN_UNUSED_FUNCTION = YES;
				GCC_WARN_UNUSED_VARIABLE = YES;
				IPHONEOS_DEPLOYMENT_TARGET = 8.0;
				MTL_ENABLE_DEBUG_INFO = YES;
				ONLY_ACTIVE_ARCH = YES;
				SDKROOT = iphoneos;
				SWIFT_OPTIMIZATION_LEVEL = "-Onone";
				TARGETED_DEVICE_FAMILY = "1,2";
			};
			name = Debug;
		};
		846C69E319DFF12F00AB429E /* Release */ = {
			isa = XCBuildConfiguration;
			buildSettings = {
				ALWAYS_SEARCH_USER_PATHS = NO;
				CLANG_CXX_LANGUAGE_STANDARD = "gnu++0x";
				CLANG_CXX_LIBRARY = "libc++";
				CLANG_ENABLE_MODULES = YES;
				CLANG_ENABLE_OBJC_ARC = YES;
				CLANG_WARN_BOOL_CONVERSION = YES;
				CLANG_WARN_CONSTANT_CONVERSION = YES;
				CLANG_WARN_DIRECT_OBJC_ISA_USAGE = YES_ERROR;
				CLANG_WARN_EMPTY_BODY = YES;
				CLANG_WARN_ENUM_CONVERSION = YES;
				CLANG_WARN_INT_CONVERSION = YES;
				CLANG_WARN_OBJC_ROOT_CLASS = YES_ERROR;
				CLANG_WARN_UNREACHABLE_CODE = YES;
				CLANG_WARN__DUPLICATE_METHOD_MATCH = YES;
				"CODE_SIGN_IDENTITY[sdk=iphoneos*]" = "iPhone Developer";
				COPY_PHASE_STRIP = YES;
				ENABLE_NS_ASSERTIONS = NO;
				ENABLE_STRICT_OBJC_MSGSEND = YES;
				GCC_C_LANGUAGE_STANDARD = gnu99;
				GCC_WARN_64_TO_32_BIT_CONVERSION = YES;
				GCC_WARN_ABOUT_RETURN_TYPE = YES_ERROR;
				GCC_WARN_UNDECLARED_SELECTOR = YES;
				GCC_WARN_UNINITIALIZED_AUTOS = YES_AGGRESSIVE;
				GCC_WARN_UNUSED_FUNCTION = YES;
				GCC_WARN_UNUSED_VARIABLE = YES;
				IPHONEOS_DEPLOYMENT_TARGET = 8.0;
				MTL_ENABLE_DEBUG_INFO = NO;
				SDKROOT = iphoneos;
				TARGETED_DEVICE_FAMILY = "1,2";
				VALIDATE_PRODUCT = YES;
			};
			name = Release;
		};
		846C69E519DFF12F00AB429E /* Debug */ = {
			isa = XCBuildConfiguration;
			buildSettings = {
				ASSETCATALOG_COMPILER_APPICON_NAME = AppIcon;
				INFOPLIST_FILE = SwiftColorsExamples/Info.plist;
				LD_RUNPATH_SEARCH_PATHS = "$(inherited) @executable_path/Frameworks";
				PRODUCT_NAME = "$(TARGET_NAME)";
			};
			name = Debug;
		};
		846C69E619DFF12F00AB429E /* Release */ = {
			isa = XCBuildConfiguration;
			buildSettings = {
				ASSETCATALOG_COMPILER_APPICON_NAME = AppIcon;
				INFOPLIST_FILE = SwiftColorsExamples/Info.plist;
				LD_RUNPATH_SEARCH_PATHS = "$(inherited) @executable_path/Frameworks";
				PRODUCT_NAME = "$(TARGET_NAME)";
			};
			name = Release;
		};
/* End XCBuildConfiguration section */

/* Begin XCConfigurationList section */
		30541AE71A3F9D08007E50CC /* Build configuration list for PBXNativeTarget "SwiftColorsExamplesTests" */ = {
			isa = XCConfigurationList;
			buildConfigurations = (
				30541AE81A3F9D08007E50CC /* Debug */,
				30541AE91A3F9D08007E50CC /* Release */,
			);
			defaultConfigurationIsVisible = 0;
			defaultConfigurationName = Release;
		};
		846C69C019DFF12F00AB429E /* Build configuration list for PBXProject "SwiftColorsExamples" */ = {
			isa = XCConfigurationList;
			buildConfigurations = (
				846C69E219DFF12F00AB429E /* Debug */,
				846C69E319DFF12F00AB429E /* Release */,
			);
			defaultConfigurationIsVisible = 0;
			defaultConfigurationName = Release;
		};
		846C69E419DFF12F00AB429E /* Build configuration list for PBXNativeTarget "SwiftColorsExamples" */ = {
			isa = XCConfigurationList;
			buildConfigurations = (
				846C69E519DFF12F00AB429E /* Debug */,
				846C69E619DFF12F00AB429E /* Release */,
			);
			defaultConfigurationIsVisible = 0;
			defaultConfigurationName = Release;
		};
/* End XCConfigurationList section */
	};
	rootObject = 846C69BD19DFF12F00AB429E /* Project object */;
}
