// !$*UTF8*$!
{
	archiveVersion = 1;
	classes = {
	};
	objectVersion = 46;
	objects = {

/* Begin PBXBuildFile section */
		846C69CB19DFF12F00AB429E /* AppDelegate.swift in Sources */ = {isa = PBXBuildFile; fileRef = 846C69CA19DFF12F00AB429E /* AppDelegate.swift */; };
		846C69CD19DFF12F00AB429E /* ViewController.swift in Sources */ = {isa = PBXBuildFile; fileRef = 846C69CC19DFF12F00AB429E /* ViewController.swift */; };
		846C69D019DFF12F00AB429E /* Main.storyboard in Resources */ = {isa = PBXBuildFile; fileRef = 846C69CE19DFF12F00AB429E /* Main.storyboard */; };
		846C69D219DFF12F00AB429E /* Images.xcassets in Resources */ = {isa = PBXBuildFile; fileRef = 846C69D119DFF12F00AB429E /* Images.xcassets */; };
		846C69D519DFF12F00AB429E /* LaunchScreen.xib in Resources */ = {isa = PBXBuildFile; fileRef = 846C69D319DFF12F00AB429E /* LaunchScreen.xib */; };
		84B917901C16AF560027D398 /* SwiftHEXColors.swift in Sources */ = {isa = PBXBuildFile; fileRef = 84B9178F1C16AF560027D398 /* SwiftHEXColors.swift */; };
/* End PBXBuildFile section */

/* Begin PBXFileReference section */
		846C69C519DFF12F00AB429E /* SwiftHEXColorsExamples.app */ = {isa = PBXFileReference; explicitFileType = wrapper.application; includeInIndex = 0; path = SwiftHEXColorsExamples.app; sourceTree = BUILT_PRODUCTS_DIR; };
		846C69C919DFF12F00AB429E /* Info.plist */ = {isa = PBXFileReference; lastKnownFileType = text.plist.xml; path = Info.plist; sourceTree = "<group>"; };
		846C69CA19DFF12F00AB429E /* AppDelegate.swift */ = {isa = PBXFileReference; lastKnownFileType = sourcecode.swift; path = AppDelegate.swift; sourceTree = "<group>"; };
		846C69CC19DFF12F00AB429E /* ViewController.swift */ = {isa = PBXFileReference; lastKnownFileType = sourcecode.swift; path = ViewController.swift; sourceTree = "<group>"; };
		846C69CF19DFF12F00AB429E /* Base */ = {isa = PBXFileReference; lastKnownFileType = file.storyboard; name = Base; path = Base.lproj/Main.storyboard; sourceTree = "<group>"; };
		846C69D119DFF12F00AB429E /* Images.xcassets */ = {isa = PBXFileReference; lastKnownFileType = folder.assetcatalog; path = Images.xcassets; sourceTree = "<group>"; };
		846C69D419DFF12F00AB429E /* Base */ = {isa = PBXFileReference; lastKnownFileType = file.xib; name = Base; path = Base.lproj/LaunchScreen.xib; sourceTree = "<group>"; };
		84B9178F1C16AF560027D398 /* SwiftHEXColors.swift */ = {isa = PBXFileReference; fileEncoding = 4; lastKnownFileType = sourcecode.swift; name = SwiftHEXColors.swift; path = Sources/SwiftHEXColors.swift; sourceTree = SOURCE_ROOT; };
/* End PBXFileReference section */

/* Begin PBXFrameworksBuildPhase section */
		846C69C219DFF12F00AB429E /* Frameworks */ = {
			isa = PBXFrameworksBuildPhase;
			buildActionMask = 2147483647;
			files = (
			);
			runOnlyForDeploymentPostprocessing = 0;
		};
/* End PBXFrameworksBuildPhase section */

/* Begin PBXGroup section */
		846C69BC19DFF12F00AB429E = {
			isa = PBXGroup;
			children = (
				846C69C719DFF12F00AB429E /* SwiftHEXColorsExamples */,
				846C69C619DFF12F00AB429E /* Products */,
			);
			sourceTree = "<group>";
		};
		846C69C619DFF12F00AB429E /* Products */ = {
			isa = PBXGroup;
			children = (
				846C69C519DFF12F00AB429E /* SwiftHEXColorsExamples.app */,
			);
			name = Products;
			sourceTree = "<group>";
		};
		846C69C719DFF12F00AB429E /* SwiftHEXColorsExamples */ = {
			isa = PBXGroup;
			children = (
				846C69EC19DFF4C700AB429E /* Extensions */,
				846C69CA19DFF12F00AB429E /* AppDelegate.swift */,
				846C69CC19DFF12F00AB429E /* ViewController.swift */,
				846C69CE19DFF12F00AB429E /* Main.storyboard */,
				846C69D119DFF12F00AB429E /* Images.xcassets */,
				846C69D319DFF12F00AB429E /* LaunchScreen.xib */,
				846C69C819DFF12F00AB429E /* Supporting Files */,
			);
			path = SwiftHEXColorsExamples;
			sourceTree = "<group>";
		};
		846C69C819DFF12F00AB429E /* Supporting Files */ = {
			isa = PBXGroup;
			children = (
				846C69C919DFF12F00AB429E /* Info.plist */,
			);
			name = "Supporting Files";
			sourceTree = "<group>";
		};
		846C69EC19DFF4C700AB429E /* Extensions */ = {
			isa = PBXGroup;
			children = (
				84B9178F1C16AF560027D398 /* SwiftHEXColors.swift */,
			);
			name = Extensions;
			sourceTree = "<group>";
		};
/* End PBXGroup section */

/* Begin PBXNativeTarget section */
		846C69C419DFF12F00AB429E /* SwiftHEXColorsExamples */ = {
			isa = PBXNativeTarget;
			buildConfigurationList = 846C69E419DFF12F00AB429E /* Build configuration list for PBXNativeTarget "SwiftHEXColorsExamples" */;
			buildPhases = (
				846C69C119DFF12F00AB429E /* Sources */,
				846C69C219DFF12F00AB429E /* Frameworks */,
				846C69C319DFF12F00AB429E /* Resources */,
			);
			buildRules = (
			);
			dependencies = (
			);
			name = SwiftHEXColorsExamples;
			productName = SwiftHEXColorsExamples;
			productReference = 846C69C519DFF12F00AB429E /* SwiftHEXColorsExamples.app */;
			productType = "com.apple.product-type.application";
		};
/* End PBXNativeTarget section */

/* Begin PBXProject section */
		846C69BD19DFF12F00AB429E /* Project object */ = {
			isa = PBXProject;
			attributes = {
				LastSwiftMigration = 0710;
				LastSwiftUpdateCheck = 0710;
				LastUpgradeCheck = 0800;
				TargetAttributes = {
					846C69C419DFF12F00AB429E = {
						CreatedOnToolsVersion = 6.0.1;
						LastSwiftMigration = 0800;
					};
				};
			};
			buildConfigurationList = 846C69C019DFF12F00AB429E /* Build configuration list for PBXProject "SwiftHEXColorsExamples" */;
			compatibilityVersion = "Xcode 3.2";
			developmentRegion = English;
			hasScannedForEncodings = 0;
			knownRegions = (
				en,
				Base,
			);
			mainGroup = 846C69BC19DFF12F00AB429E;
			productRefGroup = 846C69C619DFF12F00AB429E /* Products */;
			projectDirPath = "";
			projectRoot = "";
			targets = (
				846C69C419DFF12F00AB429E /* SwiftHEXColorsExamples */,
			);
		};
/* End PBXProject section */

/* Begin PBXResourcesBuildPhase section */
		846C69C319DFF12F00AB429E /* Resources */ = {
			isa = PBXResourcesBuildPhase;
			buildActionMask = 2147483647;
			files = (
				846C69D019DFF12F00AB429E /* Main.storyboard in Resources */,
				846C69D519DFF12F00AB429E /* LaunchScreen.xib in Resources */,
				846C69D219DFF12F00AB429E /* Images.xcassets in Resources */,
			);
			runOnlyForDeploymentPostprocessing = 0;
		};
/* End PBXResourcesBuildPhase section */

/* Begin PBXSourcesBuildPhase section */
		846C69C119DFF12F00AB429E /* Sources */ = {
			isa = PBXSourcesBuildPhase;
			buildActionMask = 2147483647;
			files = (
				846C69CD19DFF12F00AB429E /* ViewController.swift in Sources */,
				846C69CB19DFF12F00AB429E /* AppDelegate.swift in Sources */,
				84B917901C16AF560027D398 /* SwiftHEXColors.swift in Sources */,
			);
			runOnlyForDeploymentPostprocessing = 0;
		};
/* End PBXSourcesBuildPhase section */

/* Begin PBXVariantGroup section */
		846C69CE19DFF12F00AB429E /* Main.storyboard */ = {
			isa = PBXVariantGroup;
			children = (
				846C69CF19DFF12F00AB429E /* Base */,
			);
			name = Main.storyboard;
			sourceTree = "<group>";
		};
		846C69D319DFF12F00AB429E /* LaunchScreen.xib */ = {
			isa = PBXVariantGroup;
			children = (
				846C69D419DFF12F00AB429E /* Base */,
			);
			name = LaunchScreen.xib;
			sourceTree = "<group>";
		};
/* End PBXVariantGroup section */

/* Begin XCBuildConfiguration section */
		846C69E219DFF12F00AB429E /* Debug */ = {
			isa = XCBuildConfiguration;
			buildSettings = {
				ALWAYS_SEARCH_USER_PATHS = NO;
				CLANG_CXX_LANGUAGE_STANDARD = "gnu++0x";
				CLANG_CXX_LIBRARY = "libc++";
				CLANG_ENABLE_MODULES = YES;
				CLANG_ENABLE_OBJC_ARC = YES;
				CLANG_WARN_BOOL_CONVERSION = YES;
				CLANG_WARN_CONSTANT_CONVERSION = YES;
				CLANG_WARN_DIRECT_OBJC_ISA_USAGE = YES_ERROR;
				CLANG_WARN_EMPTY_BODY = YES;
				CLANG_WARN_ENUM_CONVERSION = YES;
				CLANG_WARN_INFINITE_RECURSION = YES;
				CLANG_WARN_INT_CONVERSION = YES;
				CLANG_WARN_OBJC_ROOT_CLASS = YES_ERROR;
				CLANG_WARN_SUSPICIOUS_MOVE = YES;
				CLANG_WARN_UNREACHABLE_CODE = YES;
				CLANG_WARN__DUPLICATE_METHOD_MATCH = YES;
				"CODE_SIGN_IDENTITY[sdk=iphoneos*]" = "iPhone Developer";
				COPY_PHASE_STRIP = NO;
				ENABLE_STRICT_OBJC_MSGSEND = YES;
				ENABLE_TESTABILITY = YES;
				GCC_C_LANGUAGE_STANDARD = gnu99;
				GCC_DYNAMIC_NO_PIC = NO;
				GCC_NO_COMMON_BLOCKS = YES;
				GCC_OPTIMIZATION_LEVEL = 0;
				GCC_PREPROCESSOR_DEFINITIONS = (
					"DEBUG=1",
					"$(inherited)",
				);
				GCC_SYMBOLS_PRIVATE_EXTERN = NO;
				GCC_WARN_64_TO_32_BIT_CONVERSION = YES;
				GCC_WARN_ABOUT_RETURN_TYPE = YES_ERROR;
				GCC_WARN_UNDECLARED_SELECTOR = YES;
				GCC_WARN_UNINITIALIZED_AUTOS = YES_AGGRESSIVE;
				GCC_WARN_UNUSED_FUNCTION = YES;
				GCC_WARN_UNUSED_VARIABLE = YES;
				IPHONEOS_DEPLOYMENT_TARGET = 8.0;
				MTL_ENABLE_DEBUG_INFO = YES;
				ONLY_ACTIVE_ARCH = YES;
				SDKROOT = iphoneos;
				SWIFT_OPTIMIZATION_LEVEL = "-Onone";
				TARGETED_DEVICE_FAMILY = "1,2";
			};
			name = Debug;
		};
		846C69E319DFF12F00AB429E /* Release */ = {
			isa = XCBuildConfiguration;
			buildSettings = {
				ALWAYS_SEARCH_USER_PATHS = NO;
				CLANG_CXX_LANGUAGE_STANDARD = "gnu++0x";
				CLANG_CXX_LIBRARY = "libc++";
				CLANG_ENABLE_MODULES = YES;
				CLANG_ENABLE_OBJC_ARC = YES;
				CLANG_WARN_BOOL_CONVERSION = YES;
				CLANG_WARN_CONSTANT_CONVERSION = YES;
				CLANG_WARN_DIRECT_OBJC_ISA_USAGE = YES_ERROR;
				CLANG_WARN_EMPTY_BODY = YES;
				CLANG_WARN_ENUM_CONVERSION = YES;
				CLANG_WARN_INFINITE_RECURSION = YES;
				CLANG_WARN_INT_CONVERSION = YES;
				CLANG_WARN_OBJC_ROOT_CLASS = YES_ERROR;
				CLANG_WARN_SUSPICIOUS_MOVE = YES;
				CLANG_WARN_UNREACHABLE_CODE = YES;
				CLANG_WARN__DUPLICATE_METHOD_MATCH = YES;
				"CODE_SIGN_IDENTITY[sdk=iphoneos*]" = "iPhone Developer";
				COPY_PHASE_STRIP = YES;
				ENABLE_NS_ASSERTIONS = NO;
				ENABLE_STRICT_OBJC_MSGSEND = YES;
				GCC_C_LANGUAGE_STANDARD = gnu99;
				GCC_NO_COMMON_BLOCKS = YES;
				GCC_WARN_64_TO_32_BIT_CONVERSION = YES;
				GCC_WARN_ABOUT_RETURN_TYPE = YES_ERROR;
				GCC_WARN_UNDECLARED_SELECTOR = YES;
				GCC_WARN_UNINITIALIZED_AUTOS = YES_AGGRESSIVE;
				GCC_WARN_UNUSED_FUNCTION = YES;
				GCC_WARN_UNUSED_VARIABLE = YES;
				IPHONEOS_DEPLOYMENT_TARGET = 8.0;
				MTL_ENABLE_DEBUG_INFO = NO;
				SDKROOT = iphoneos;
				SWIFT_OPTIMIZATION_LEVEL = "-Owholemodule";
				TARGETED_DEVICE_FAMILY = "1,2";
				VALIDATE_PRODUCT = YES;
			};
			name = Release;
		};
		846C69E519DFF12F00AB429E /* Debug */ = {
			isa = XCBuildConfiguration;
			buildSettings = {
				ASSETCATALOG_COMPILER_APPICON_NAME = AppIcon;
				INFOPLIST_FILE = SwiftHEXColorsExamples/Info.plist;
				LD_RUNPATH_SEARCH_PATHS = "$(inherited) @executable_path/Frameworks";
				PRODUCT_BUNDLE_IDENTIFIER = "codes.thi.$(PRODUCT_NAME:rfc1034identifier)";
				PRODUCT_NAME = "$(TARGET_NAME)";
				SWIFT_VERSION = 3.0;
			};
			name = Debug;
		};
		846C69E619DFF12F00AB429E /* Release */ = {
			isa = XCBuildConfiguration;
			buildSettings = {
				ASSETCATALOG_COMPILER_APPICON_NAME = AppIcon;
				INFOPLIST_FILE = SwiftHEXColorsExamples/Info.plist;
				LD_RUNPATH_SEARCH_PATHS = "$(inherited) @executable_path/Frameworks";
				PRODUCT_BUNDLE_IDENTIFIER = "codes.thi.$(PRODUCT_NAME:rfc1034identifier)";
				PRODUCT_NAME = "$(TARGET_NAME)";
				SWIFT_VERSION = 3.0;
			};
			name = Release;
		};
/* End XCBuildConfiguration section */

/* Begin XCConfigurationList section */
		846C69C019DFF12F00AB429E /* Build configuration list for PBXProject "SwiftHEXColorsExamples" */ = {
			isa = XCConfigurationList;
			buildConfigurations = (
				846C69E219DFF12F00AB429E /* Debug */,
				846C69E319DFF12F00AB429E /* Release */,
			);
			defaultConfigurationIsVisible = 0;
			defaultConfigurationName = Release;
		};
		846C69E419DFF12F00AB429E /* Build configuration list for PBXNativeTarget "SwiftHEXColorsExamples" */ = {
			isa = XCConfigurationList;
			buildConfigurations = (
				846C69E519DFF12F00AB429E /* Debug */,
				846C69E619DFF12F00AB429E /* Release */,
			);
			defaultConfigurationIsVisible = 0;
			defaultConfigurationName = Release;
		};
/* End XCConfigurationList section */
	};
	rootObject = 846C69BD19DFF12F00AB429E /* Project object */;
}
